
Microsoft Visual Studio Solution File, Format Version 12.00
# Visual Studio Version 16
VisualStudioVersion = 16.0.30114.105
MinimumVisualStudioVersion = 10.0.40219.1
Project("{FAE04EC0-301F-11D3-BF4B-00C04F79EFBC}") = "ElevenNote.WebAPI", "ElevenNote.WebAPI\ElevenNote.WebAPI.csproj", "{D7A2D520-EC0F-4370-A58D-0D9B47D8D31F}"
EndProject
Project("{FAE04EC0-301F-11D3-BF4B-00C04F79EFBC}") = "ElevenNote.Data", "ElevenNote.Data\ElevenNote.Data.csproj", "{10FADB70-CA37-472F-8EE0-B16B62E68612}"
EndProject
Project("{FAE04EC0-301F-11D3-BF4B-00C04F79EFBC}") = "ElevenNote.Models", "ElevenNote.Models\ElevenNote.Models.csproj", "{8402CF76-F8EE-4642-8499-60130A806B3F}"
EndProject
Project("{FAE04EC0-301F-11D3-BF4B-00C04F79EFBC}") = "ElevenNote.Services", "ElevenNote.Services\ElevenNote.Services.csproj", "{A3D615B7-0CF4-488C-AB35-172DC1135980}"
EndProject
Global
	GlobalSection(SolutionConfigurationPlatforms) = preSolution
		Debug|Any CPU = Debug|Any CPU
		Debug|x64 = Debug|x64
		Debug|x86 = Debug|x86
		Release|Any CPU = Release|Any CPU
		Release|x64 = Release|x64
		Release|x86 = Release|x86
	EndGlobalSection
	GlobalSection(SolutionProperties) = preSolution
		HideSolutionNode = FALSE
	EndGlobalSection
	GlobalSection(ProjectConfigurationPlatforms) = postSolution
		{D7A2D520-EC0F-4370-A58D-0D9B47D8D31F}.Debug|Any CPU.ActiveCfg = Debug|Any CPU
		{D7A2D520-EC0F-4370-A58D-0D9B47D8D31F}.Debug|Any CPU.Build.0 = Debug|Any CPU
		{D7A2D520-EC0F-4370-A58D-0D9B47D8D31F}.Debug|x64.ActiveCfg = Debug|Any CPU
		{D7A2D520-EC0F-4370-A58D-0D9B47D8D31F}.Debug|x64.Build.0 = Debug|Any CPU
		{D7A2D520-EC0F-4370-A58D-0D9B47D8D31F}.Debug|x86.ActiveCfg = Debug|Any CPU
		{D7A2D520-EC0F-4370-A58D-0D9B47D8D31F}.Debug|x86.Build.0 = Debug|Any CPU
		{D7A2D520-EC0F-4370-A58D-0D9B47D8D31F}.Release|Any CPU.ActiveCfg = Release|Any CPU
		{D7A2D520-EC0F-4370-A58D-0D9B47D8D31F}.Release|Any CPU.Build.0 = Release|Any CPU
		{D7A2D520-EC0F-4370-A58D-0D9B47D8D31F}.Release|x64.ActiveCfg = Release|Any CPU
		{D7A2D520-EC0F-4370-A58D-0D9B47D8D31F}.Release|x64.Build.0 = Release|Any CPU
		{D7A2D520-EC0F-4370-A58D-0D9B47D8D31F}.Release|x86.ActiveCfg = Release|Any CPU
		{D7A2D520-EC0F-4370-A58D-0D9B47D8D31F}.Release|x86.Build.0 = Release|Any CPU
		{10FADB70-CA37-472F-8EE0-B16B62E68612}.Debug|Any CPU.ActiveCfg = Debug|Any CPU
		{10FADB70-CA37-472F-8EE0-B16B62E68612}.Debug|Any CPU.Build.0 = Debug|Any CPU
		{10FADB70-CA37-472F-8EE0-B16B62E68612}.Debug|x64.ActiveCfg = Debug|Any CPU
		{10FADB70-CA37-472F-8EE0-B16B62E68612}.Debug|x64.Build.0 = Debug|Any CPU
		{10FADB70-CA37-472F-8EE0-B16B62E68612}.Debug|x86.ActiveCfg = Debug|Any CPU
		{10FADB70-CA37-472F-8EE0-B16B62E68612}.Debug|x86.Build.0 = Debug|Any CPU
		{10FADB70-CA37-472F-8EE0-B16B62E68612}.Release|Any CPU.ActiveCfg = Release|Any CPU
		{10FADB70-CA37-472F-8EE0-B16B62E68612}.Release|Any CPU.Build.0 = Release|Any CPU
		{10FADB70-CA37-472F-8EE0-B16B62E68612}.Release|x64.ActiveCfg = Release|Any CPU
		{10FADB70-CA37-472F-8EE0-B16B62E68612}.Release|x64.Build.0 = Release|Any CPU
		{10FADB70-CA37-472F-8EE0-B16B62E68612}.Release|x86.ActiveCfg = Release|Any CPU
		{10FADB70-CA37-472F-8EE0-B16B62E68612}.Release|x86.Build.0 = Release|Any CPU
		{8402CF76-F8EE-4642-8499-60130A806B3F}.Debug|Any CPU.ActiveCfg = Debug|Any CPU
		{8402CF76-F8EE-4642-8499-60130A806B3F}.Debug|Any CPU.Build.0 = Debug|Any CPU
		{8402CF76-F8EE-4642-8499-60130A806B3F}.Debug|x64.ActiveCfg = Debug|Any CPU
		{8402CF76-F8EE-4642-8499-60130A806B3F}.Debug|x64.Build.0 = Debug|Any CPU
		{8402CF76-F8EE-4642-8499-60130A806B3F}.Debug|x86.ActiveCfg = Debug|Any CPU
		{8402CF76-F8EE-4642-8499-60130A806B3F}.Debug|x86.Build.0 = Debug|Any CPU
		{8402CF76-F8EE-4642-8499-60130A806B3F}.Release|Any CPU.ActiveCfg = Release|Any CPU
		{8402CF76-F8EE-4642-8499-60130A806B3F}.Release|Any CPU.Build.0 = Release|Any CPU
		{8402CF76-F8EE-4642-8499-60130A806B3F}.Release|x64.ActiveCfg = Release|Any CPU
		{8402CF76-F8EE-4642-8499-60130A806B3F}.Release|x64.Build.0 = Release|Any CPU
		{8402CF76-F8EE-4642-8499-60130A806B3F}.Release|x86.ActiveCfg = Release|Any CPU
		{8402CF76-F8EE-4642-8499-60130A806B3F}.Release|x86.Build.0 = Release|Any CPU
		{A3D615B7-0CF4-488C-AB35-172DC1135980}.Debug|Any CPU.ActiveCfg = Debug|Any CPU
		{A3D615B7-0CF4-488C-AB35-172DC1135980}.Debug|Any CPU.Build.0 = Debug|Any CPU
		{A3D615B7-0CF4-488C-AB35-172DC1135980}.Debug|x64.ActiveCfg = Debug|Any CPU
		{A3D615B7-0CF4-488C-AB35-172DC1135980}.Debug|x64.Build.0 = Debug|Any CPU
		{A3D615B7-0CF4-488C-AB35-172DC1135980}.Debug|x86.ActiveCfg = Debug|Any CPU
		{A3D615B7-0CF4-488C-AB35-172DC1135980}.Debug|x86.Build.0 = Debug|Any CPU
		{A3D615B7-0CF4-488C-AB35-172DC1135980}.Release|Any CPU.ActiveCfg = Release|Any CPU
		{A3D615B7-0CF4-488C-AB35-172DC1135980}.Release|Any CPU.Build.0 = Release|Any CPU
		{A3D615B7-0CF4-488C-AB35-172DC1135980}.Release|x64.ActiveCfg = Release|Any CPU
		{A3D615B7-0CF4-488C-AB35-172DC1135980}.Release|x64.Build.0 = Release|Any CPU
		{A3D615B7-0CF4-488C-AB35-172DC1135980}.Release|x86.ActiveCfg = Release|Any CPU
		{A3D615B7-0CF4-488C-AB35-172DC1135980}.Release|x86.Build.0 = Release|Any CPU
	EndGlobalSection
EndGlobal
